
Microsoft Visual Studio Solution File, Format Version 12.00
# Visual Studio Version 17
VisualStudioVersion = 17.3.32922.545
MinimumVisualStudioVersion = 10.0.40219.1
Project("{FAE04EC0-301F-11D3-BF4B-00C04F79EFBC}") = "LaFiesta", "LaFiesta\LaFiesta.csproj", "{AA533338-5156-4F25-BF02-48FC3A1B5EC9}"
EndProject
Global
	GlobalSection(SolutionConfigurationPlatforms) = preSolution
		Debug|Any CPU = Debug|Any CPU
		Release|Any CPU = Release|Any CPU
	EndGlobalSection
	GlobalSection(ProjectConfigurationPlatforms) = postSolution
		{AA533338-5156-4F25-BF02-48FC3A1B5EC9}.Debug|Any CPU.ActiveCfg = Debug|Any CPU
		{AA533338-5156-4F25-BF02-48FC3A1B5EC9}.Debug|Any CPU.Build.0 = Debug|Any CPU
		{AA533338-5156-4F25-BF02-48FC3A1B5EC9}.Release|Any CPU.ActiveCfg = Release|Any CPU
		{AA533338-5156-4F25-BF02-48FC3A1B5EC9}.Release|Any CPU.Build.0 = Release|Any CPU
	EndGlobalSection
	GlobalSection(SolutionProperties) = preSolution
		HideSolutionNode = FALSE
	EndGlobalSection
	GlobalSection(ExtensibilityGlobals) = postSolution
		SolutionGuid = {6B18B647-CE46-427B-A289-A05A33D8C320}
	EndGlobalSection
EndGlobal
